
Microsoft Visual Studio Solution File, Format Version 12.00
# Visual Studio 15
VisualStudioVersion = 15.0.26730.10
MinimumVisualStudioVersion = 10.0.40219.1
Project("{FAE04EC0-301F-11D3-BF4B-00C04F79EFBC}") = "MVCClient", "MVCClient\MVCClient.csproj", "{BA0B9B81-3B5D-40DC-BB7F-A197486E9EA5}"
EndProject
Project("{FAE04EC0-301F-11D3-BF4B-00C04F79EFBC}") = "Constants", "Constants\Constants.csproj", "{D4B8ACDF-5CC3-4A7B-AE30-5055522E025A}"
EndProject
Project("{FAE04EC0-301F-11D3-BF4B-00C04F79EFBC}") = "SelfHost (Minimal)", "SelfHost (Minimal)\SelfHost\SelfHost (Minimal).csproj", "{F0B58CB4-548B-4934-84D3-8003160FF046}"
EndProject
Global
	GlobalSection(SolutionConfigurationPlatforms) = preSolution
		Debug|Any CPU = Debug|Any CPU
		Release|Any CPU = Release|Any CPU
	EndGlobalSection
	GlobalSection(ProjectConfigurationPlatforms) = postSolution
		{BA0B9B81-3B5D-40DC-BB7F-A197486E9EA5}.Debug|Any CPU.ActiveCfg = Debug|Any CPU
		{BA0B9B81-3B5D-40DC-BB7F-A197486E9EA5}.Debug|Any CPU.Build.0 = Debug|Any CPU
		{BA0B9B81-3B5D-40DC-BB7F-A197486E9EA5}.Release|Any CPU.ActiveCfg = Release|Any CPU
		{BA0B9B81-3B5D-40DC-BB7F-A197486E9EA5}.Release|Any CPU.Build.0 = Release|Any CPU
		{D4B8ACDF-5CC3-4A7B-AE30-5055522E025A}.Debug|Any CPU.ActiveCfg = Debug|Any CPU
		{D4B8ACDF-5CC3-4A7B-AE30-5055522E025A}.Debug|Any CPU.Build.0 = Debug|Any CPU
		{D4B8ACDF-5CC3-4A7B-AE30-5055522E025A}.Release|Any CPU.ActiveCfg = Release|Any CPU
		{D4B8ACDF-5CC3-4A7B-AE30-5055522E025A}.Release|Any CPU.Build.0 = Release|Any CPU
		{F0B58CB4-548B-4934-84D3-8003160FF046}.Debug|Any CPU.ActiveCfg = Debug|Any CPU
		{F0B58CB4-548B-4934-84D3-8003160FF046}.Debug|Any CPU.Build.0 = Debug|Any CPU
		{F0B58CB4-548B-4934-84D3-8003160FF046}.Release|Any CPU.ActiveCfg = Release|Any CPU
		{F0B58CB4-548B-4934-84D3-8003160FF046}.Release|Any CPU.Build.0 = Release|Any CPU
	EndGlobalSection
	GlobalSection(SolutionProperties) = preSolution
		HideSolutionNode = FALSE
	EndGlobalSection
	GlobalSection(ExtensibilityGlobals) = postSolution
		SolutionGuid = {60AF527A-8FCF-4F29-B386-B97190A93FD0}
	EndGlobalSection
EndGlobal
